// !$*UTF8*$!
{
	archiveVersion = 1;
	classes = {
	};
	objectVersion = 55;
	objects = {

/* Begin PBXBuildFile section */
		7DD6DA4E27CE987D00383207 /* AppDelegate.swift in Sources */ = {isa = PBXBuildFile; fileRef = 7DD6DA4D27CE987D00383207 /* AppDelegate.swift */; };
		7DD6DA5027CE987D00383207 /* SceneDelegate.swift in Sources */ = {isa = PBXBuildFile; fileRef = 7DD6DA4F27CE987D00383207 /* SceneDelegate.swift */; };
		7DD6DA5227CE987D00383207 /* ViewController.swift in Sources */ = {isa = PBXBuildFile; fileRef = 7DD6DA5127CE987D00383207 /* ViewController.swift */; };
		7DD6DA5527CE987D00383207 /* Main.storyboard in Resources */ = {isa = PBXBuildFile; fileRef = 7DD6DA5327CE987D00383207 /* Main.storyboard */; };
		7DD6DA5727CE987F00383207 /* Assets.xcassets in Resources */ = {isa = PBXBuildFile; fileRef = 7DD6DA5627CE987F00383207 /* Assets.xcassets */; };
		7DD6DA5A27CE987F00383207 /* LaunchScreen.storyboard in Resources */ = {isa = PBXBuildFile; fileRef = 7DD6DA5827CE987F00383207 /* LaunchScreen.storyboard */; };
		7DD6DA6527CE988000383207 /* ScreenshotTestingDemoTests.swift in Sources */ = {isa = PBXBuildFile; fileRef = 7DD6DA6427CE988000383207 /* ScreenshotTestingDemoTests.swift */; };
		7DD6DA7F27CEACB800383207 /* iOSSnapshotTestCase in Frameworks */ = {isa = PBXBuildFile; productRef = 7DD6DA7E27CEACB800383207 /* iOSSnapshotTestCase */; };
/* End PBXBuildFile section */

/* Begin PBXContainerItemProxy section */
		7DD6DA6127CE988000383207 /* PBXContainerItemProxy */ = {
			isa = PBXContainerItemProxy;
			containerPortal = 7DD6DA4227CE987D00383207 /* Project object */;
			proxyType = 1;
			remoteGlobalIDString = 7DD6DA4927CE987D00383207;
			remoteInfo = ScreenshotTestingDemo;
		};
/* End PBXContainerItemProxy section */

/* Begin PBXFileReference section */
		7DD6DA4A27CE987D00383207 /* ScreenshotTestingDemo.app */ = {isa = PBXFileReference; explicitFileType = wrapper.application; includeInIndex = 0; path = ScreenshotTestingDemo.app; sourceTree = BUILT_PRODUCTS_DIR; };
		7DD6DA4D27CE987D00383207 /* AppDelegate.swift */ = {isa = PBXFileReference; lastKnownFileType = sourcecode.swift; path = AppDelegate.swift; sourceTree = "<group>"; };
		7DD6DA4F27CE987D00383207 /* SceneDelegate.swift */ = {isa = PBXFileReference; lastKnownFileType = sourcecode.swift; path = SceneDelegate.swift; sourceTree = "<group>"; };
		7DD6DA5127CE987D00383207 /* ViewController.swift */ = {isa = PBXFileReference; lastKnownFileType = sourcecode.swift; path = ViewController.swift; sourceTree = "<group>"; };
		7DD6DA5427CE987D00383207 /* Base */ = {isa = PBXFileReference; lastKnownFileType = file.storyboard; name = Base; path = Base.lproj/Main.storyboard; sourceTree = "<group>"; };
		7DD6DA5627CE987F00383207 /* Assets.xcassets */ = {isa = PBXFileReference; lastKnownFileType = folder.assetcatalog; path = Assets.xcassets; sourceTree = "<group>"; };
		7DD6DA5927CE987F00383207 /* Base */ = {isa = PBXFileReference; lastKnownFileType = file.storyboard; name = Base; path = Base.lproj/LaunchScreen.storyboard; sourceTree = "<group>"; };
		7DD6DA5B27CE988000383207 /* Info.plist */ = {isa = PBXFileReference; lastKnownFileType = text.plist.xml; path = Info.plist; sourceTree = "<group>"; };
		7DD6DA6027CE988000383207 /* ScreenshotTestingDemoTests.xctest */ = {isa = PBXFileReference; explicitFileType = wrapper.cfbundle; includeInIndex = 0; path = ScreenshotTestingDemoTests.xctest; sourceTree = BUILT_PRODUCTS_DIR; };
		7DD6DA6427CE988000383207 /* ScreenshotTestingDemoTests.swift */ = {isa = PBXFileReference; lastKnownFileType = sourcecode.swift; path = ScreenshotTestingDemoTests.swift; sourceTree = "<group>"; };
/* End PBXFileReference section */

/* Begin PBXFrameworksBuildPhase section */
		7DD6DA4727CE987D00383207 /* Frameworks */ = {
			isa = PBXFrameworksBuildPhase;
			buildActionMask = 2147483647;
			files = (
			);
			runOnlyForDeploymentPostprocessing = 0;
		};
		7DD6DA5D27CE988000383207 /* Frameworks */ = {
			isa = PBXFrameworksBuildPhase;
			buildActionMask = 2147483647;
			files = (
				7DD6DA7F27CEACB800383207 /* iOSSnapshotTestCase in Frameworks */,
			);
			runOnlyForDeploymentPostprocessing = 0;
		};
/* End PBXFrameworksBuildPhase section */

/* Begin PBXGroup section */
		7DD6DA4127CE987D00383207 = {
			isa = PBXGroup;
			children = (
				7DD6DA4C27CE987D00383207 /* ScreenshotTestingDemo */,
				7DD6DA6327CE988000383207 /* ScreenshotTestingDemoTests */,
				7DD6DA4B27CE987D00383207 /* Products */,
			);
			sourceTree = "<group>";
		};
		7DD6DA4B27CE987D00383207 /* Products */ = {
			isa = PBXGroup;
			children = (
				7DD6DA4A27CE987D00383207 /* ScreenshotTestingDemo.app */,
				7DD6DA6027CE988000383207 /* ScreenshotTestingDemoTests.xctest */,
			);
			name = Products;
			sourceTree = "<group>";
		};
		7DD6DA4C27CE987D00383207 /* ScreenshotTestingDemo */ = {
			isa = PBXGroup;
			children = (
				7DD6DA4D27CE987D00383207 /* AppDelegate.swift */,
				7DD6DA4F27CE987D00383207 /* SceneDelegate.swift */,
				7DD6DA5127CE987D00383207 /* ViewController.swift */,
				7DD6DA5327CE987D00383207 /* Main.storyboard */,
				7DD6DA5627CE987F00383207 /* Assets.xcassets */,
				7DD6DA5827CE987F00383207 /* LaunchScreen.storyboard */,
				7DD6DA5B27CE988000383207 /* Info.plist */,
			);
			path = ScreenshotTestingDemo;
			sourceTree = "<group>";
		};
		7DD6DA6327CE988000383207 /* ScreenshotTestingDemoTests */ = {
			isa = PBXGroup;
			children = (
				7DD6DA6427CE988000383207 /* ScreenshotTestingDemoTests.swift */,
			);
			path = ScreenshotTestingDemoTests;
			sourceTree = "<group>";
		};
/* End PBXGroup section */

/* Begin PBXNativeTarget section */
		7DD6DA4927CE987D00383207 /* ScreenshotTestingDemo */ = {
			isa = PBXNativeTarget;
			buildConfigurationList = 7DD6DA7427CE988000383207 /* Build configuration list for PBXNativeTarget "ScreenshotTestingDemo" */;
			buildPhases = (
				7DD6DA4627CE987D00383207 /* Sources */,
				7DD6DA4727CE987D00383207 /* Frameworks */,
				7DD6DA4827CE987D00383207 /* Resources */,
			);
			buildRules = (
			);
			dependencies = (
			);
			name = ScreenshotTestingDemo;
			productName = ScreenshotTestingDemo;
			productReference = 7DD6DA4A27CE987D00383207 /* ScreenshotTestingDemo.app */;
			productType = "com.apple.product-type.application";
		};
		7DD6DA5F27CE988000383207 /* ScreenshotTestingDemoTests */ = {
			isa = PBXNativeTarget;
			buildConfigurationList = 7DD6DA7727CE988000383207 /* Build configuration list for PBXNativeTarget "ScreenshotTestingDemoTests" */;
			buildPhases = (
				7DD6DA5C27CE988000383207 /* Sources */,
				7DD6DA5D27CE988000383207 /* Frameworks */,
				7DD6DA5E27CE988000383207 /* Resources */,
			);
			buildRules = (
			);
			dependencies = (
				7DD6DA6227CE988000383207 /* PBXTargetDependency */,
			);
			name = ScreenshotTestingDemoTests;
			packageProductDependencies = (
				7DD6DA7E27CEACB800383207 /* iOSSnapshotTestCase */,
			);
			productName = ScreenshotTestingDemoTests;
			productReference = 7DD6DA6027CE988000383207 /* ScreenshotTestingDemoTests.xctest */;
			productType = "com.apple.product-type.bundle.unit-test";
		};
/* End PBXNativeTarget section */

/* Begin PBXProject section */
		7DD6DA4227CE987D00383207 /* Project object */ = {
			isa = PBXProject;
			attributes = {
				BuildIndependentTargetsInParallel = 1;
				LastSwiftUpdateCheck = 1320;
				LastUpgradeCheck = 1320;
				TargetAttributes = {
					7DD6DA4927CE987D00383207 = {
						CreatedOnToolsVersion = 13.2.1;
					};
					7DD6DA5F27CE988000383207 = {
						CreatedOnToolsVersion = 13.2.1;
						TestTargetID = 7DD6DA4927CE987D00383207;
					};
				};
			};
			buildConfigurationList = 7DD6DA4527CE987D00383207 /* Build configuration list for PBXProject "ScreenshotTestingDemo" */;
			compatibilityVersion = "Xcode 13.0";
			developmentRegion = en;
			hasScannedForEncodings = 0;
			knownRegions = (
				en,
				Base,
			);
			mainGroup = 7DD6DA4127CE987D00383207;
			packageReferences = (
				7DD6DA7D27CEACB800383207 /* XCRemoteSwiftPackageReference "ios-snapshot-test-case" */,
			);
			productRefGroup = 7DD6DA4B27CE987D00383207 /* Products */;
			projectDirPath = "";
			projectRoot = "";
			targets = (
				7DD6DA4927CE987D00383207 /* ScreenshotTestingDemo */,
				7DD6DA5F27CE988000383207 /* ScreenshotTestingDemoTests */,
			);
		};
/* End PBXProject section */

/* Begin PBXResourcesBuildPhase section */
		7DD6DA4827CE987D00383207 /* Resources */ = {
			isa = PBXResourcesBuildPhase;
			buildActionMask = 2147483647;
			files = (
				7DD6DA5A27CE987F00383207 /* LaunchScreen.storyboard in Resources */,
				7DD6DA5727CE987F00383207 /* Assets.xcassets in Resources */,
				7DD6DA5527CE987D00383207 /* Main.storyboard in Resources */,
			);
			runOnlyForDeploymentPostprocessing = 0;
		};
		7DD6DA5E27CE988000383207 /* Resources */ = {
			isa = PBXResourcesBuildPhase;
			buildActionMask = 2147483647;
			files = (
			);
			runOnlyForDeploymentPostprocessing = 0;
		};
/* End PBXResourcesBuildPhase section */

/* Begin PBXSourcesBuildPhase section */
		7DD6DA4627CE987D00383207 /* Sources */ = {
			isa = PBXSourcesBuildPhase;
			buildActionMask = 2147483647;
			files = (
				7DD6DA5227CE987D00383207 /* ViewController.swift in Sources */,
				7DD6DA4E27CE987D00383207 /* AppDelegate.swift in Sources */,
				7DD6DA5027CE987D00383207 /* SceneDelegate.swift in Sources */,
			);
			runOnlyForDeploymentPostprocessing = 0;
		};
		7DD6DA5C27CE988000383207 /* Sources */ = {
			isa = PBXSourcesBuildPhase;
			buildActionMask = 2147483647;
			files = (
				7DD6DA6527CE988000383207 /* ScreenshotTestingDemoTests.swift in Sources */,
			);
			runOnlyForDeploymentPostprocessing = 0;
		};
/* End PBXSourcesBuildPhase section */

/* Begin PBXTargetDependency section */
		7DD6DA6227CE988000383207 /* PBXTargetDependency */ = {
			isa = PBXTargetDependency;
			target = 7DD6DA4927CE987D00383207 /* ScreenshotTestingDemo */;
			targetProxy = 7DD6DA6127CE988000383207 /* PBXContainerItemProxy */;
		};
/* End PBXTargetDependency section */

/* Begin PBXVariantGroup section */
		7DD6DA5327CE987D00383207 /* Main.storyboard */ = {
			isa = PBXVariantGroup;
			children = (
				7DD6DA5427CE987D00383207 /* Base */,
			);
			name = Main.storyboard;
			sourceTree = "<group>";
		};
		7DD6DA5827CE987F00383207 /* LaunchScreen.storyboard */ = {
			isa = PBXVariantGroup;
			children = (
				7DD6DA5927CE987F00383207 /* Base */,
			);
			name = LaunchScreen.storyboard;
			sourceTree = "<group>";
		};
/* End PBXVariantGroup section */

/* Begin XCBuildConfiguration section */
		7DD6DA7227CE988000383207 /* Debug */ = {
			isa = XCBuildConfiguration;
			buildSettings = {
				ALWAYS_SEARCH_USER_PATHS = NO;
				CLANG_ANALYZER_NONNULL = YES;
				CLANG_ANALYZER_NUMBER_OBJECT_CONVERSION = YES_AGGRESSIVE;
				CLANG_CXX_LANGUAGE_STANDARD = "gnu++17";
				CLANG_CXX_LIBRARY = "libc++";
				CLANG_ENABLE_MODULES = YES;
				CLANG_ENABLE_OBJC_ARC = YES;
				CLANG_ENABLE_OBJC_WEAK = YES;
				CLANG_WARN_BLOCK_CAPTURE_AUTORELEASING = YES;
				CLANG_WARN_BOOL_CONVERSION = YES;
				CLANG_WARN_COMMA = YES;
				CLANG_WARN_CONSTANT_CONVERSION = YES;
				CLANG_WARN_DEPRECATED_OBJC_IMPLEMENTATIONS = YES;
				CLANG_WARN_DIRECT_OBJC_ISA_USAGE = YES_ERROR;
				CLANG_WARN_DOCUMENTATION_COMMENTS = YES;
				CLANG_WARN_EMPTY_BODY = YES;
				CLANG_WARN_ENUM_CONVERSION = YES;
				CLANG_WARN_INFINITE_RECURSION = YES;
				CLANG_WARN_INT_CONVERSION = YES;
				CLANG_WARN_NON_LITERAL_NULL_CONVERSION = YES;
				CLANG_WARN_OBJC_IMPLICIT_RETAIN_SELF = YES;
				CLANG_WARN_OBJC_LITERAL_CONVERSION = YES;
				CLANG_WARN_OBJC_ROOT_CLASS = YES_ERROR;
				CLANG_WARN_QUOTED_INCLUDE_IN_FRAMEWORK_HEADER = YES;
				CLANG_WARN_RANGE_LOOP_ANALYSIS = YES;
				CLANG_WARN_STRICT_PROTOTYPES = YES;
				CLANG_WARN_SUSPICIOUS_MOVE = YES;
				CLANG_WARN_UNGUARDED_AVAILABILITY = YES_AGGRESSIVE;
				CLANG_WARN_UNREACHABLE_CODE = YES;
				CLANG_WARN__DUPLICATE_METHOD_MATCH = YES;
				COPY_PHASE_STRIP = NO;
				DEBUG_INFORMATION_FORMAT = dwarf;
				ENABLE_STRICT_OBJC_MSGSEND = YES;
				ENABLE_TESTABILITY = YES;
				GCC_C_LANGUAGE_STANDARD = gnu11;
				GCC_DYNAMIC_NO_PIC = NO;
				GCC_NO_COMMON_BLOCKS = YES;
				GCC_OPTIMIZATION_LEVEL = 0;
				GCC_PREPROCESSOR_DEFINITIONS = (
					"DEBUG=1",
					"$(inherited)",
				);
				GCC_WARN_64_TO_32_BIT_CONVERSION = YES;
				GCC_WARN_ABOUT_RETURN_TYPE = YES_ERROR;
				GCC_WARN_UNDECLARED_SELECTOR = YES;
				GCC_WARN_UNINITIALIZED_AUTOS = YES_AGGRESSIVE;
				GCC_WARN_UNUSED_FUNCTION = YES;
				GCC_WARN_UNUSED_VARIABLE = YES;
				IPHONEOS_DEPLOYMENT_TARGET = 15.2;
				MTL_ENABLE_DEBUG_INFO = INCLUDE_SOURCE;
				MTL_FAST_MATH = YES;
				ONLY_ACTIVE_ARCH = YES;
				SDKROOT = iphoneos;
				SWIFT_ACTIVE_COMPILATION_CONDITIONS = DEBUG;
				SWIFT_OPTIMIZATION_LEVEL = "-Onone";
			};
			name = Debug;
		};
		7DD6DA7327CE988000383207 /* Release */ = {
			isa = XCBuildConfiguration;
			buildSettings = {
				ALWAYS_SEARCH_USER_PATHS = NO;
				CLANG_ANALYZER_NONNULL = YES;
				CLANG_ANALYZER_NUMBER_OBJECT_CONVERSION = YES_AGGRESSIVE;
				CLANG_CXX_LANGUAGE_STANDARD = "gnu++17";
				CLANG_CXX_LIBRARY = "libc++";
				CLANG_ENABLE_MODULES = YES;
				CLANG_ENABLE_OBJC_ARC = YES;
				CLANG_ENABLE_OBJC_WEAK = YES;
				CLANG_WARN_BLOCK_CAPTURE_AUTORELEASING = YES;
				CLANG_WARN_BOOL_CONVERSION = YES;
				CLANG_WARN_COMMA = YES;
				CLANG_WARN_CONSTANT_CONVERSION = YES;
				CLANG_WARN_DEPRECATED_OBJC_IMPLEMENTATIONS = YES;
				CLANG_WARN_DIRECT_OBJC_ISA_USAGE = YES_ERROR;
				CLANG_WARN_DOCUMENTATION_COMMENTS = YES;
				CLANG_WARN_EMPTY_BODY = YES;
				CLANG_WARN_ENUM_CONVERSION = YES;
				CLANG_WARN_INFINITE_RECURSION = YES;
				CLANG_WARN_INT_CONVERSION = YES;
				CLANG_WARN_NON_LITERAL_NULL_CONVERSION = YES;
				CLANG_WARN_OBJC_IMPLICIT_RETAIN_SELF = YES;
				CLANG_WARN_OBJC_LITERAL_CONVERSION = YES;
				CLANG_WARN_OBJC_ROOT_CLASS = YES_ERROR;
				CLANG_WARN_QUOTED_INCLUDE_IN_FRAMEWORK_HEADER = YES;
				CLANG_WARN_RANGE_LOOP_ANALYSIS = YES;
				CLANG_WARN_STRICT_PROTOTYPES = YES;
				CLANG_WARN_SUSPICIOUS_MOVE = YES;
				CLANG_WARN_UNGUARDED_AVAILABILITY = YES_AGGRESSIVE;
				CLANG_WARN_UNREACHABLE_CODE = YES;
				CLANG_WARN__DUPLICATE_METHOD_MATCH = YES;
				COPY_PHASE_STRIP = NO;
				DEBUG_INFORMATION_FORMAT = "dwarf-with-dsym";
				ENABLE_NS_ASSERTIONS = NO;
				ENABLE_STRICT_OBJC_MSGSEND = YES;
				GCC_C_LANGUAGE_STANDARD = gnu11;
				GCC_NO_COMMON_BLOCKS = YES;
				GCC_WARN_64_TO_32_BIT_CONVERSION = YES;
				GCC_WARN_ABOUT_RETURN_TYPE = YES_ERROR;
				GCC_WARN_UNDECLARED_SELECTOR = YES;
				GCC_WARN_UNINITIALIZED_AUTOS = YES_AGGRESSIVE;
				GCC_WARN_UNUSED_FUNCTION = YES;
				GCC_WARN_UNUSED_VARIABLE = YES;
				IPHONEOS_DEPLOYMENT_TARGET = 15.2;
				MTL_ENABLE_DEBUG_INFO = NO;
				MTL_FAST_MATH = YES;
				SDKROOT = iphoneos;
				SWIFT_COMPILATION_MODE = wholemodule;
				SWIFT_OPTIMIZATION_LEVEL = "-O";
				VALIDATE_PRODUCT = YES;
			};
			name = Release;
		};
		7DD6DA7527CE988000383207 /* Debug */ = {
			isa = XCBuildConfiguration;
			buildSettings = {
				ASSETCATALOG_COMPILER_APPICON_NAME = AppIcon;
				ASSETCATALOG_COMPILER_GLOBAL_ACCENT_COLOR_NAME = AccentColor;
				CODE_SIGN_STYLE = Automatic;
				CURRENT_PROJECT_VERSION = 1;
				GENERATE_INFOPLIST_FILE = YES;
				INFOPLIST_FILE = ScreenshotTestingDemo/Info.plist;
				INFOPLIST_KEY_UIApplicationSupportsIndirectInputEvents = YES;
				INFOPLIST_KEY_UILaunchStoryboardName = LaunchScreen;
				INFOPLIST_KEY_UIMainStoryboardFile = Main;
				INFOPLIST_KEY_UISupportedInterfaceOrientations_iPad = "UIInterfaceOrientationPortrait UIInterfaceOrientationPortraitUpsideDown UIInterfaceOrientationLandscapeLeft UIInterfaceOrientationLandscapeRight";
				INFOPLIST_KEY_UISupportedInterfaceOrientations_iPhone = "UIInterfaceOrientationPortrait UIInterfaceOrientationLandscapeLeft UIInterfaceOrientationLandscapeRight";
				LD_RUNPATH_SEARCH_PATHS = (
					"$(inherited)",
					"@executable_path/Frameworks",
				);
				MARKETING_VERSION = 1.0;
				PRODUCT_BUNDLE_IDENTIFIER = me.ferdz.ScreenshotTestingDemo;
				PRODUCT_NAME = "$(TARGET_NAME)";
				SWIFT_EMIT_LOC_STRINGS = YES;
				SWIFT_VERSION = 5.0;
				TARGETED_DEVICE_FAMILY = "1,2";
			};
			name = Debug;
		};
		7DD6DA7627CE988000383207 /* Release */ = {
			isa = XCBuildConfiguration;
			buildSettings = {
				ASSETCATALOG_COMPILER_APPICON_NAME = AppIcon;
				ASSETCATALOG_COMPILER_GLOBAL_ACCENT_COLOR_NAME = AccentColor;
				CODE_SIGN_STYLE = Automatic;
				CURRENT_PROJECT_VERSION = 1;
				GENERATE_INFOPLIST_FILE = YES;
				INFOPLIST_FILE = ScreenshotTestingDemo/Info.plist;
				INFOPLIST_KEY_UIApplicationSupportsIndirectInputEvents = YES;
				INFOPLIST_KEY_UILaunchStoryboardName = LaunchScreen;
				INFOPLIST_KEY_UIMainStoryboardFile = Main;
				INFOPLIST_KEY_UISupportedInterfaceOrientations_iPad = "UIInterfaceOrientationPortrait UIInterfaceOrientationPortraitUpsideDown UIInterfaceOrientationLandscapeLeft UIInterfaceOrientationLandscapeRight";
				INFOPLIST_KEY_UISupportedInterfaceOrientations_iPhone = "UIInterfaceOrientationPortrait UIInterfaceOrientationLandscapeLeft UIInterfaceOrientationLandscapeRight";
				LD_RUNPATH_SEARCH_PATHS = (
					"$(inherited)",
					"@executable_path/Frameworks",
				);
				MARKETING_VERSION = 1.0;
				PRODUCT_BUNDLE_IDENTIFIER = me.ferdz.ScreenshotTestingDemo;
				PRODUCT_NAME = "$(TARGET_NAME)";
				SWIFT_EMIT_LOC_STRINGS = YES;
				SWIFT_VERSION = 5.0;
				TARGETED_DEVICE_FAMILY = "1,2";
			};
			name = Release;
		};
		7DD6DA7827CE988000383207 /* Debug */ = {
			isa = XCBuildConfiguration;
			buildSettings = {
				ALWAYS_EMBED_SWIFT_STANDARD_LIBRARIES = YES;
				BUNDLE_LOADER = "$(TEST_HOST)";
				CODE_SIGN_STYLE = Automatic;
				CURRENT_PROJECT_VERSION = 1;
				GENERATE_INFOPLIST_FILE = YES;
				IPHONEOS_DEPLOYMENT_TARGET = 15.2;
				MARKETING_VERSION = 1.0;
				PRODUCT_BUNDLE_IDENTIFIER = me.ferdz.ScreenshotTestingDemoTests;
				PRODUCT_NAME = "$(TARGET_NAME)";
				SWIFT_EMIT_LOC_STRINGS = NO;
				SWIFT_VERSION = 5.0;
				TARGETED_DEVICE_FAMILY = "1,2";
				TEST_HOST = "$(BUILT_PRODUCTS_DIR)/ScreenshotTestingDemo.app/ScreenshotTestingDemo";
			};
			name = Debug;
		};
		7DD6DA7927CE988000383207 /* Release */ = {
			isa = XCBuildConfiguration;
			buildSettings = {
				ALWAYS_EMBED_SWIFT_STANDARD_LIBRARIES = YES;
				BUNDLE_LOADER = "$(TEST_HOST)";
				CODE_SIGN_STYLE = Automatic;
				CURRENT_PROJECT_VERSION = 1;
				GENERATE_INFOPLIST_FILE = YES;
				IPHONEOS_DEPLOYMENT_TARGET = 15.2;
				MARKETING_VERSION = 1.0;
				PRODUCT_BUNDLE_IDENTIFIER = me.ferdz.ScreenshotTestingDemoTests;
				PRODUCT_NAME = "$(TARGET_NAME)";
				SWIFT_EMIT_LOC_STRINGS = NO;
				SWIFT_VERSION = 5.0;
				TARGETED_DEVICE_FAMILY = "1,2";
				TEST_HOST = "$(BUILT_PRODUCTS_DIR)/ScreenshotTestingDemo.app/ScreenshotTestingDemo";
			};
			name = Release;
		};
/* End XCBuildConfiguration section */

/* Begin XCConfigurationList section */
		7DD6DA4527CE987D00383207 /* Build configuration list for PBXProject "ScreenshotTestingDemo" */ = {
			isa = XCConfigurationList;
			buildConfigurations = (
				7DD6DA7227CE988000383207 /* Debug */,
				7DD6DA7327CE988000383207 /* Release */,
			);
			defaultConfigurationIsVisible = 0;
			defaultConfigurationName = Release;
		};
		7DD6DA7427CE988000383207 /* Build configuration list for PBXNativeTarget "ScreenshotTestingDemo" */ = {
			isa = XCConfigurationList;
			buildConfigurations = (
				7DD6DA7527CE988000383207 /* Debug */,
				7DD6DA7627CE988000383207 /* Release */,
			);
			defaultConfigurationIsVisible = 0;
			defaultConfigurationName = Release;
		};
		7DD6DA7727CE988000383207 /* Build configuration list for PBXNativeTarget "ScreenshotTestingDemoTests" */ = {
			isa = XCConfigurationList;
			buildConfigurations = (
				7DD6DA7827CE988000383207 /* Debug */,
				7DD6DA7927CE988000383207 /* Release */,
			);
			defaultConfigurationIsVisible = 0;
			defaultConfigurationName = Release;
		};
/* End XCConfigurationList section */

/* Begin XCRemoteSwiftPackageReference section */
		7DD6DA7D27CEACB800383207 /* XCRemoteSwiftPackageReference "ios-snapshot-test-case" */ = {
			isa = XCRemoteSwiftPackageReference;
			repositoryURL = "https://github.com/uber/ios-snapshot-test-case";
			requirement = {
				kind = upToNextMajorVersion;
				minimumVersion = 8.0.0;
			};
		};
/* End XCRemoteSwiftPackageReference section */

/* Begin XCSwiftPackageProductDependency section */
		7DD6DA7E27CEACB800383207 /* iOSSnapshotTestCase */ = {
			isa = XCSwiftPackageProductDependency;
			package = 7DD6DA7D27CEACB800383207 /* XCRemoteSwiftPackageReference "ios-snapshot-test-case" */;
			productName = iOSSnapshotTestCase;
		};
/* End XCSwiftPackageProductDependency section */
	};
	rootObject = 7DD6DA4227CE987D00383207 /* Project object */;
}
